
Microsoft Visual Studio Solution File, Format Version 12.00
# Visual Studio Version 17
VisualStudioVersion = 17.4.33213.308
MinimumVisualStudioVersion = 10.0.40219.1
Project("{FAE04EC0-301F-11D3-BF4B-00C04F79EFBC}") = "BasicCoreProgramming", "BasicCoreProgramming.csproj", "{848BB9C6-CA1E-4126-821A-C83B87C50A10}"
EndProject
Global
	GlobalSection(SolutionConfigurationPlatforms) = preSolution
		Debug|Any CPU = Debug|Any CPU
		Release|Any CPU = Release|Any CPU
	EndGlobalSection
	GlobalSection(ProjectConfigurationPlatforms) = postSolution
		{848BB9C6-CA1E-4126-821A-C83B87C50A10}.Debug|Any CPU.ActiveCfg = Debug|Any CPU
		{848BB9C6-CA1E-4126-821A-C83B87C50A10}.Debug|Any CPU.Build.0 = Debug|Any CPU
		{848BB9C6-CA1E-4126-821A-C83B87C50A10}.Release|Any CPU.ActiveCfg = Release|Any CPU
		{848BB9C6-CA1E-4126-821A-C83B87C50A10}.Release|Any CPU.Build.0 = Release|Any CPU
	EndGlobalSection
	GlobalSection(SolutionProperties) = preSolution
		HideSolutionNode = FALSE
	EndGlobalSection
	GlobalSection(ExtensibilityGlobals) = postSolution
		SolutionGuid = {66FD6ED9-7383-4703-AF78-F7FCC0514FF2}
	EndGlobalSection
EndGlobal
